
Microsoft Visual Studio Solution File, Format Version 12.00
# Visual Studio Version 16
VisualStudioVersion = 16.0.30717.126
MinimumVisualStudioVersion = 10.0.40219.1
Project("{FAE04EC0-301F-11D3-BF4B-00C04F79EFBC}") = "Marmara_Randevu_Sistemi", "Marmara_Randevu_Sistemi\Marmara_Randevu_Sistemi.csproj", "{AD5FFDA3-E665-4513-9613-0EE9E174B2AB}"
EndProject
Global
	GlobalSection(SolutionConfigurationPlatforms) = preSolution
		Debug|Any CPU = Debug|Any CPU
		Release|Any CPU = Release|Any CPU
	EndGlobalSection
	GlobalSection(ProjectConfigurationPlatforms) = postSolution
		{AD5FFDA3-E665-4513-9613-0EE9E174B2AB}.Debug|Any CPU.ActiveCfg = Debug|Any CPU
		{AD5FFDA3-E665-4513-9613-0EE9E174B2AB}.Debug|Any CPU.Build.0 = Debug|Any CPU
		{AD5FFDA3-E665-4513-9613-0EE9E174B2AB}.Release|Any CPU.ActiveCfg = Release|Any CPU
		{AD5FFDA3-E665-4513-9613-0EE9E174B2AB}.Release|Any CPU.Build.0 = Release|Any CPU
	EndGlobalSection
	GlobalSection(SolutionProperties) = preSolution
		HideSolutionNode = FALSE
	EndGlobalSection
	GlobalSection(ExtensibilityGlobals) = postSolution
		SolutionGuid = {52C03260-C3A9-4D91-99D3-67D43B92C3A9}
	EndGlobalSection
EndGlobal
